
Microsoft Visual Studio Solution File, Format Version 12.00
# Visual Studio Version 17
VisualStudioVersion = 17.5.002.0
MinimumVisualStudioVersion = 10.0.40219.1
Project("{2150E333-8FDC-42A3-9474-1A3956D46DE8}") = "03-chapter", "03-chapter", "{2C4127DD-6A49-4E49-AA72-B7A1F12D4DD2}"
EndProject
Project("{9A19103F-16F7-4668-BE54-9A1E7A4F7556}") = "01-WebApp", "03-chapter\01-WebApp\01-WebApp.csproj", "{2345820C-6D2B-4F07-B6E2-A80F0DA67B29}"
EndProject
Project("{9A19103F-16F7-4668-BE54-9A1E7A4F7556}") = "02-WebApp", "03-chapter\02-WebApp\02-WebApp.csproj", "{68D4FA31-B4AA-4DF7-A524-0A8461765835}"
EndProject
Project("{2150E333-8FDC-42A3-9474-1A3956D46DE8}") = "04-chapter", "04-chapter", "{54A4257A-8CF2-47FD-A616-5191A2EC822B}"
EndProject
Project("{FAE04EC0-301F-11D3-BF4B-00C04F79EFBC}") = "01-HoldingPage", "04-chapter\01-HoldingPage\01-HoldingPage.csproj", "{3BF05B74-8FAA-43AA-A445-AFAAACB9E01B}"
EndProject
Project("{FAE04EC0-301F-11D3-BF4B-00C04F79EFBC}") = "02-StaticFiles", "04-chapter\02-StaticFiles\02-StaticFiles.csproj", "{CDEAD56F-ECA6-40BC-98AE-B06BF6ADEDE2}"
EndProject
Project("{FAE04EC0-301F-11D3-BF4B-00C04F79EFBC}") = "03-MinApi", "04-chapter\03-MinApi\03-MinApi.csproj", "{D1D9B7F2-EED9-41E8-9E86-62BC3DDE8A34}"
EndProject
Project("{FAE04EC0-301F-11D3-BF4B-00C04F79EFBC}") = "04-MinApiWelcome", "04-chapter\04-MinApiWelcome\04-MinApiWelcome.csproj", "{FD16BA18-3F2B-40DB-8A2C-5D3328FF86EE}"
EndProject
Project("{FAE04EC0-301F-11D3-BF4B-00C04F79EFBC}") = "05-DevException", "04-chapter\05-DevException\05-DevException.csproj", "{9449DAEC-047E-41ED-8E96-46A883CAA7B5}"
EndProject
Project("{FAE04EC0-301F-11D3-BF4B-00C04F79EFBC}") = "06-ExceptionHandling", "04-chapter\06-ExceptionHandling\06-ExceptionHandling.csproj", "{549BE707-6A01-416A-A93F-D9159C53CDB8}"
EndProject
Project("{2150E333-8FDC-42A3-9474-1A3956D46DE8}") = "05-chapter", "05-chapter", "{E32BCEBD-CA93-496E-B911-DC01F0428445}"
EndProject
Project("{FAE04EC0-301F-11D3-BF4B-00C04F79EFBC}") = "02-RouteMinApi", "05-chapter\02-RouteMinApi\02-RouteMinApi.csproj", "{D05F0F6A-2372-433D-A669-9A362A77F886}"
EndProject
Project("{FAE04EC0-301F-11D3-BF4B-00C04F79EFBC}") = "03-ApiVerbs", "05-chapter\03-ApiVerbs\03-ApiVerbs.csproj", "{3BF6514D-EDB9-488A-9FBA-8E6468C3D93F}"
EndProject
Project("{FAE04EC0-301F-11D3-BF4B-00C04F79EFBC}") = "04-MinAPiStatus", "05-chapter\04-MinAPiStatus\04-MinAPiStatus.csproj", "{B00D7C0B-92E1-4EB0-8298-DB585558D8F3}"
EndProject
Project("{FAE04EC0-301F-11D3-BF4B-00C04F79EFBC}") = "05-MinimalApiWithProblemDetails", "05-chapter\05-MinimalApiWithProblemDetails\05-MinimalApiWithProblemDetails.csproj", "{E55E4D32-2389-436C-8222-F5BDB527AE04}"
EndProject
Project("{FAE04EC0-301F-11D3-BF4B-00C04F79EFBC}") = "06-MinimalApiAutoProblemDetails", "05-chapter\06-MinimalApiAutoProblemDetails\06-MinimalApiAutoProblemDetails.csproj", "{32D36B7A-843C-4E4F-9F93-2ECDE7970F49}"
EndProject
Global
	GlobalSection(SolutionConfigurationPlatforms) = preSolution
		Debug|Any CPU = Debug|Any CPU
		Release|Any CPU = Release|Any CPU
	EndGlobalSection
	GlobalSection(ProjectConfigurationPlatforms) = postSolution
		{2345820C-6D2B-4F07-B6E2-A80F0DA67B29}.Debug|Any CPU.ActiveCfg = Debug|Any CPU
		{2345820C-6D2B-4F07-B6E2-A80F0DA67B29}.Debug|Any CPU.Build.0 = Debug|Any CPU
		{2345820C-6D2B-4F07-B6E2-A80F0DA67B29}.Release|Any CPU.ActiveCfg = Release|Any CPU
		{2345820C-6D2B-4F07-B6E2-A80F0DA67B29}.Release|Any CPU.Build.0 = Release|Any CPU
		{68D4FA31-B4AA-4DF7-A524-0A8461765835}.Debug|Any CPU.ActiveCfg = Debug|Any CPU
		{68D4FA31-B4AA-4DF7-A524-0A8461765835}.Debug|Any CPU.Build.0 = Debug|Any CPU
		{68D4FA31-B4AA-4DF7-A524-0A8461765835}.Release|Any CPU.ActiveCfg = Release|Any CPU
		{68D4FA31-B4AA-4DF7-A524-0A8461765835}.Release|Any CPU.Build.0 = Release|Any CPU
		{3BF05B74-8FAA-43AA-A445-AFAAACB9E01B}.Debug|Any CPU.ActiveCfg = Debug|Any CPU
		{3BF05B74-8FAA-43AA-A445-AFAAACB9E01B}.Debug|Any CPU.Build.0 = Debug|Any CPU
		{3BF05B74-8FAA-43AA-A445-AFAAACB9E01B}.Release|Any CPU.ActiveCfg = Release|Any CPU
		{3BF05B74-8FAA-43AA-A445-AFAAACB9E01B}.Release|Any CPU.Build.0 = Release|Any CPU
		{CDEAD56F-ECA6-40BC-98AE-B06BF6ADEDE2}.Debug|Any CPU.ActiveCfg = Debug|Any CPU
		{CDEAD56F-ECA6-40BC-98AE-B06BF6ADEDE2}.Debug|Any CPU.Build.0 = Debug|Any CPU
		{CDEAD56F-ECA6-40BC-98AE-B06BF6ADEDE2}.Release|Any CPU.ActiveCfg = Release|Any CPU
		{CDEAD56F-ECA6-40BC-98AE-B06BF6ADEDE2}.Release|Any CPU.Build.0 = Release|Any CPU
		{D1D9B7F2-EED9-41E8-9E86-62BC3DDE8A34}.Debug|Any CPU.ActiveCfg = Debug|Any CPU
		{D1D9B7F2-EED9-41E8-9E86-62BC3DDE8A34}.Debug|Any CPU.Build.0 = Debug|Any CPU
		{D1D9B7F2-EED9-41E8-9E86-62BC3DDE8A34}.Release|Any CPU.ActiveCfg = Release|Any CPU
		{D1D9B7F2-EED9-41E8-9E86-62BC3DDE8A34}.Release|Any CPU.Build.0 = Release|Any CPU
		{FD16BA18-3F2B-40DB-8A2C-5D3328FF86EE}.Debug|Any CPU.ActiveCfg = Debug|Any CPU
		{FD16BA18-3F2B-40DB-8A2C-5D3328FF86EE}.Debug|Any CPU.Build.0 = Debug|Any CPU
		{FD16BA18-3F2B-40DB-8A2C-5D3328FF86EE}.Release|Any CPU.ActiveCfg = Release|Any CPU
		{FD16BA18-3F2B-40DB-8A2C-5D3328FF86EE}.Release|Any CPU.Build.0 = Release|Any CPU
		{9449DAEC-047E-41ED-8E96-46A883CAA7B5}.Debug|Any CPU.ActiveCfg = Debug|Any CPU
		{9449DAEC-047E-41ED-8E96-46A883CAA7B5}.Debug|Any CPU.Build.0 = Debug|Any CPU
		{9449DAEC-047E-41ED-8E96-46A883CAA7B5}.Release|Any CPU.ActiveCfg = Release|Any CPU
		{9449DAEC-047E-41ED-8E96-46A883CAA7B5}.Release|Any CPU.Build.0 = Release|Any CPU
		{549BE707-6A01-416A-A93F-D9159C53CDB8}.Debug|Any CPU.ActiveCfg = Debug|Any CPU
		{549BE707-6A01-416A-A93F-D9159C53CDB8}.Debug|Any CPU.Build.0 = Debug|Any CPU
		{549BE707-6A01-416A-A93F-D9159C53CDB8}.Release|Any CPU.ActiveCfg = Release|Any CPU
		{549BE707-6A01-416A-A93F-D9159C53CDB8}.Release|Any CPU.Build.0 = Release|Any CPU
		{D05F0F6A-2372-433D-A669-9A362A77F886}.Debug|Any CPU.ActiveCfg = Debug|Any CPU
		{D05F0F6A-2372-433D-A669-9A362A77F886}.Debug|Any CPU.Build.0 = Debug|Any CPU
		{D05F0F6A-2372-433D-A669-9A362A77F886}.Release|Any CPU.ActiveCfg = Release|Any CPU
		{D05F0F6A-2372-433D-A669-9A362A77F886}.Release|Any CPU.Build.0 = Release|Any CPU
		{3BF6514D-EDB9-488A-9FBA-8E6468C3D93F}.Debug|Any CPU.ActiveCfg = Debug|Any CPU
		{3BF6514D-EDB9-488A-9FBA-8E6468C3D93F}.Debug|Any CPU.Build.0 = Debug|Any CPU
		{3BF6514D-EDB9-488A-9FBA-8E6468C3D93F}.Release|Any CPU.ActiveCfg = Release|Any CPU
		{3BF6514D-EDB9-488A-9FBA-8E6468C3D93F}.Release|Any CPU.Build.0 = Release|Any CPU
		{B00D7C0B-92E1-4EB0-8298-DB585558D8F3}.Debug|Any CPU.ActiveCfg = Debug|Any CPU
		{B00D7C0B-92E1-4EB0-8298-DB585558D8F3}.Debug|Any CPU.Build.0 = Debug|Any CPU
		{B00D7C0B-92E1-4EB0-8298-DB585558D8F3}.Release|Any CPU.ActiveCfg = Release|Any CPU
		{B00D7C0B-92E1-4EB0-8298-DB585558D8F3}.Release|Any CPU.Build.0 = Release|Any CPU
		{E55E4D32-2389-436C-8222-F5BDB527AE04}.Debug|Any CPU.ActiveCfg = Debug|Any CPU
		{E55E4D32-2389-436C-8222-F5BDB527AE04}.Debug|Any CPU.Build.0 = Debug|Any CPU
		{E55E4D32-2389-436C-8222-F5BDB527AE04}.Release|Any CPU.ActiveCfg = Release|Any CPU
		{E55E4D32-2389-436C-8222-F5BDB527AE04}.Release|Any CPU.Build.0 = Release|Any CPU
		{32D36B7A-843C-4E4F-9F93-2ECDE7970F49}.Debug|Any CPU.ActiveCfg = Debug|Any CPU
		{32D36B7A-843C-4E4F-9F93-2ECDE7970F49}.Debug|Any CPU.Build.0 = Debug|Any CPU
		{32D36B7A-843C-4E4F-9F93-2ECDE7970F49}.Release|Any CPU.ActiveCfg = Release|Any CPU
		{32D36B7A-843C-4E4F-9F93-2ECDE7970F49}.Release|Any CPU.Build.0 = Release|Any CPU
	EndGlobalSection
	GlobalSection(SolutionProperties) = preSolution
		HideSolutionNode = FALSE
	EndGlobalSection
	GlobalSection(NestedProjects) = preSolution
		{2345820C-6D2B-4F07-B6E2-A80F0DA67B29} = {2C4127DD-6A49-4E49-AA72-B7A1F12D4DD2}
		{68D4FA31-B4AA-4DF7-A524-0A8461765835} = {2C4127DD-6A49-4E49-AA72-B7A1F12D4DD2}
		{3BF05B74-8FAA-43AA-A445-AFAAACB9E01B} = {54A4257A-8CF2-47FD-A616-5191A2EC822B}
		{CDEAD56F-ECA6-40BC-98AE-B06BF6ADEDE2} = {54A4257A-8CF2-47FD-A616-5191A2EC822B}
		{D1D9B7F2-EED9-41E8-9E86-62BC3DDE8A34} = {54A4257A-8CF2-47FD-A616-5191A2EC822B}
		{FD16BA18-3F2B-40DB-8A2C-5D3328FF86EE} = {54A4257A-8CF2-47FD-A616-5191A2EC822B}
		{9449DAEC-047E-41ED-8E96-46A883CAA7B5} = {54A4257A-8CF2-47FD-A616-5191A2EC822B}
		{549BE707-6A01-416A-A93F-D9159C53CDB8} = {54A4257A-8CF2-47FD-A616-5191A2EC822B}
		{D05F0F6A-2372-433D-A669-9A362A77F886} = {E32BCEBD-CA93-496E-B911-DC01F0428445}
		{3BF6514D-EDB9-488A-9FBA-8E6468C3D93F} = {E32BCEBD-CA93-496E-B911-DC01F0428445}
		{B00D7C0B-92E1-4EB0-8298-DB585558D8F3} = {E32BCEBD-CA93-496E-B911-DC01F0428445}
		{E55E4D32-2389-436C-8222-F5BDB527AE04} = {E32BCEBD-CA93-496E-B911-DC01F0428445}
		{32D36B7A-843C-4E4F-9F93-2ECDE7970F49} = {E32BCEBD-CA93-496E-B911-DC01F0428445}
	EndGlobalSection
	GlobalSection(ExtensibilityGlobals) = postSolution
		SolutionGuid = {A62F6697-F7D5-4579-8336-1B57A04103EC}
	EndGlobalSection
EndGlobal
